// !$*UTF8*$!
{
	archiveVersion = 1;
	classes = {
	};
	objectVersion = 50;
	objects = {

/* Begin PBXBuildFile section */
		0D801CB621623E2A00CE0A7A /* AppDelegate.swift in Sources */ = {isa = PBXBuildFile; fileRef = 0D801CB521623E2A00CE0A7A /* AppDelegate.swift */; };
		0D801CB821623E2A00CE0A7A /* ViewController.swift in Sources */ = {isa = PBXBuildFile; fileRef = 0D801CB721623E2A00CE0A7A /* ViewController.swift */; };
		0D801CBB21623E2A00CE0A7A /* Main.storyboard in Resources */ = {isa = PBXBuildFile; fileRef = 0D801CB921623E2A00CE0A7A /* Main.storyboard */; };
		0D801CBD21623E2B00CE0A7A /* Assets.xcassets in Resources */ = {isa = PBXBuildFile; fileRef = 0D801CBC21623E2B00CE0A7A /* Assets.xcassets */; };
		0D801CC021623E2B00CE0A7A /* LaunchScreen.storyboard in Resources */ = {isa = PBXBuildFile; fileRef = 0D801CBE21623E2B00CE0A7A /* LaunchScreen.storyboard */; };
		0D801CCB21623E2B00CE0A7A /* WeatherAppTests.swift in Sources */ = {isa = PBXBuildFile; fileRef = 0D801CCA21623E2B00CE0A7A /* WeatherAppTests.swift */; };
		0D801CD621623E2B00CE0A7A /* WeatherAppUITests.swift in Sources */ = {isa = PBXBuildFile; fileRef = 0D801CD521623E2B00CE0A7A /* WeatherAppUITests.swift */; };
		0D801CE4216245EA00CE0A7A /* CityController.swift in Sources */ = {isa = PBXBuildFile; fileRef = 0D801CE3216245EA00CE0A7A /* CityController.swift */; };
		0D801CE82162554800CE0A7A /* DaysController.swift in Sources */ = {isa = PBXBuildFile; fileRef = 0D801CE72162554800CE0A7A /* DaysController.swift */; };
		0D801CEA2162558500CE0A7A /* CurrentController.swift in Sources */ = {isa = PBXBuildFile; fileRef = 0D801CE92162558500CE0A7A /* CurrentController.swift */; };
		0D801CEC216259BA00CE0A7A /* WeatherModel.swift in Sources */ = {isa = PBXBuildFile; fileRef = 0D801CEB216259BA00CE0A7A /* WeatherModel.swift */; };
		0D801CEE21625A8600CE0A7A /* Weather.swift in Sources */ = {isa = PBXBuildFile; fileRef = 0D801CED21625A8600CE0A7A /* Weather.swift */; };
		0DA42BC6216652BA00BDBF50 /* CurrentWeather.swift in Sources */ = {isa = PBXBuildFile; fileRef = 0DA42BC5216652BA00BDBF50 /* CurrentWeather.swift */; };
		0DA42BC82166530500BDBF50 /* Coordinate.swift in Sources */ = {isa = PBXBuildFile; fileRef = 0DA42BC72166530500BDBF50 /* Coordinate.swift */; };
		0DA42BCA2166546D00BDBF50 /* Main.swift in Sources */ = {isa = PBXBuildFile; fileRef = 0DA42BC92166546D00BDBF50 /* Main.swift */; };
		0DA42BCC2166555A00BDBF50 /* Wind.swift in Sources */ = {isa = PBXBuildFile; fileRef = 0DA42BCB2166555A00BDBF50 /* Wind.swift */; };
		0DA42BCE2166559A00BDBF50 /* Cloud.swift in Sources */ = {isa = PBXBuildFile; fileRef = 0DA42BCD2166559A00BDBF50 /* Cloud.swift */; };
		0DA42BD0216655C800BDBF50 /* Sys.swift in Sources */ = {isa = PBXBuildFile; fileRef = 0DA42BCF216655C800BDBF50 /* Sys.swift */; };
		0DA42BD3216664A700BDBF50 /* Utils.swift in Sources */ = {isa = PBXBuildFile; fileRef = 0DA42BD2216664A700BDBF50 /* Utils.swift */; };
		0DA42BD521666D5500BDBF50 /* steve.jpeg in Resources */ = {isa = PBXBuildFile; fileRef = 0DA42BD421666D5500BDBF50 /* steve.jpeg */; };
/* End PBXBuildFile section */

/* Begin PBXContainerItemProxy section */
		0D801CC721623E2B00CE0A7A /* PBXContainerItemProxy */ = {
			isa = PBXContainerItemProxy;
			containerPortal = 0D801CAA21623E2A00CE0A7A /* Project object */;
			proxyType = 1;
			remoteGlobalIDString = 0D801CB121623E2A00CE0A7A;
			remoteInfo = WeatherApp;
		};
		0D801CD221623E2B00CE0A7A /* PBXContainerItemProxy */ = {
			isa = PBXContainerItemProxy;
			containerPortal = 0D801CAA21623E2A00CE0A7A /* Project object */;
			proxyType = 1;
			remoteGlobalIDString = 0D801CB121623E2A00CE0A7A;
			remoteInfo = WeatherApp;
		};
/* End PBXContainerItemProxy section */

/* Begin PBXFileReference section */
		0D801CB221623E2A00CE0A7A /* WeatherApp.app */ = {isa = PBXFileReference; explicitFileType = wrapper.application; includeInIndex = 0; path = WeatherApp.app; sourceTree = BUILT_PRODUCTS_DIR; };
		0D801CB521623E2A00CE0A7A /* AppDelegate.swift */ = {isa = PBXFileReference; lastKnownFileType = sourcecode.swift; path = AppDelegate.swift; sourceTree = "<group>"; };
		0D801CB721623E2A00CE0A7A /* ViewController.swift */ = {isa = PBXFileReference; lastKnownFileType = sourcecode.swift; path = ViewController.swift; sourceTree = "<group>"; };
		0D801CBA21623E2A00CE0A7A /* Base */ = {isa = PBXFileReference; lastKnownFileType = file.storyboard; name = Base; path = Base.lproj/Main.storyboard; sourceTree = "<group>"; };
		0D801CBC21623E2B00CE0A7A /* Assets.xcassets */ = {isa = PBXFileReference; lastKnownFileType = folder.assetcatalog; path = Assets.xcassets; sourceTree = "<group>"; };
		0D801CBF21623E2B00CE0A7A /* Base */ = {isa = PBXFileReference; lastKnownFileType = file.storyboard; name = Base; path = Base.lproj/LaunchScreen.storyboard; sourceTree = "<group>"; };
		0D801CC121623E2B00CE0A7A /* Info.plist */ = {isa = PBXFileReference; lastKnownFileType = text.plist.xml; path = Info.plist; sourceTree = "<group>"; };
		0D801CC621623E2B00CE0A7A /* WeatherAppTests.xctest */ = {isa = PBXFileReference; explicitFileType = wrapper.cfbundle; includeInIndex = 0; path = WeatherAppTests.xctest; sourceTree = BUILT_PRODUCTS_DIR; };
		0D801CCA21623E2B00CE0A7A /* WeatherAppTests.swift */ = {isa = PBXFileReference; lastKnownFileType = sourcecode.swift; path = WeatherAppTests.swift; sourceTree = "<group>"; };
		0D801CCC21623E2B00CE0A7A /* Info.plist */ = {isa = PBXFileReference; lastKnownFileType = text.plist.xml; path = Info.plist; sourceTree = "<group>"; };
		0D801CD121623E2B00CE0A7A /* WeatherAppUITests.xctest */ = {isa = PBXFileReference; explicitFileType = wrapper.cfbundle; includeInIndex = 0; path = WeatherAppUITests.xctest; sourceTree = BUILT_PRODUCTS_DIR; };
		0D801CD521623E2B00CE0A7A /* WeatherAppUITests.swift */ = {isa = PBXFileReference; lastKnownFileType = sourcecode.swift; path = WeatherAppUITests.swift; sourceTree = "<group>"; };
		0D801CD721623E2B00CE0A7A /* Info.plist */ = {isa = PBXFileReference; lastKnownFileType = text.plist.xml; path = Info.plist; sourceTree = "<group>"; };
		0D801CE3216245EA00CE0A7A /* CityController.swift */ = {isa = PBXFileReference; lastKnownFileType = sourcecode.swift; path = CityController.swift; sourceTree = "<group>"; };
		0D801CE72162554800CE0A7A /* DaysController.swift */ = {isa = PBXFileReference; lastKnownFileType = sourcecode.swift; path = DaysController.swift; sourceTree = "<group>"; };
		0D801CE92162558500CE0A7A /* CurrentController.swift */ = {isa = PBXFileReference; lastKnownFileType = sourcecode.swift; path = CurrentController.swift; sourceTree = "<group>"; };
		0D801CEB216259BA00CE0A7A /* WeatherModel.swift */ = {isa = PBXFileReference; lastKnownFileType = sourcecode.swift; path = WeatherModel.swift; sourceTree = "<group>"; };
		0D801CED21625A8600CE0A7A /* Weather.swift */ = {isa = PBXFileReference; lastKnownFileType = sourcecode.swift; path = Weather.swift; sourceTree = "<group>"; };
		0DA42BC5216652BA00BDBF50 /* CurrentWeather.swift */ = {isa = PBXFileReference; lastKnownFileType = sourcecode.swift; path = CurrentWeather.swift; sourceTree = "<group>"; };
		0DA42BC72166530500BDBF50 /* Coordinate.swift */ = {isa = PBXFileReference; lastKnownFileType = sourcecode.swift; path = Coordinate.swift; sourceTree = "<group>"; };
		0DA42BC92166546D00BDBF50 /* Main.swift */ = {isa = PBXFileReference; lastKnownFileType = sourcecode.swift; path = Main.swift; sourceTree = "<group>"; };
		0DA42BCB2166555A00BDBF50 /* Wind.swift */ = {isa = PBXFileReference; lastKnownFileType = sourcecode.swift; path = Wind.swift; sourceTree = "<group>"; };
		0DA42BCD2166559A00BDBF50 /* Cloud.swift */ = {isa = PBXFileReference; lastKnownFileType = sourcecode.swift; path = Cloud.swift; sourceTree = "<group>"; };
		0DA42BCF216655C800BDBF50 /* Sys.swift */ = {isa = PBXFileReference; lastKnownFileType = sourcecode.swift; path = Sys.swift; sourceTree = "<group>"; };
		0DA42BD2216664A700BDBF50 /* Utils.swift */ = {isa = PBXFileReference; lastKnownFileType = sourcecode.swift; path = Utils.swift; sourceTree = "<group>"; };
		0DA42BD421666D5500BDBF50 /* steve.jpeg */ = {isa = PBXFileReference; lastKnownFileType = image.jpeg; name = steve.jpeg; path = ../../steve.jpeg; sourceTree = "<group>"; };
/* End PBXFileReference section */

/* Begin PBXFrameworksBuildPhase section */
		0D801CAF21623E2A00CE0A7A /* Frameworks */ = {
			isa = PBXFrameworksBuildPhase;
			buildActionMask = 2147483647;
			files = (
			);
			runOnlyForDeploymentPostprocessing = 0;
		};
		0D801CC321623E2B00CE0A7A /* Frameworks */ = {
			isa = PBXFrameworksBuildPhase;
			buildActionMask = 2147483647;
			files = (
			);
			runOnlyForDeploymentPostprocessing = 0;
		};
		0D801CCE21623E2B00CE0A7A /* Frameworks */ = {
			isa = PBXFrameworksBuildPhase;
			buildActionMask = 2147483647;
			files = (
			);
			runOnlyForDeploymentPostprocessing = 0;
		};
/* End PBXFrameworksBuildPhase section */

/* Begin PBXGroup section */
		0D801CA921623E2A00CE0A7A = {
			isa = PBXGroup;
			children = (
				0D801CB421623E2A00CE0A7A /* WeatherApp */,
				0D801CC921623E2B00CE0A7A /* WeatherAppTests */,
				0D801CD421623E2B00CE0A7A /* WeatherAppUITests */,
				0D801CB321623E2A00CE0A7A /* Products */,
			);
			sourceTree = "<group>";
		};
		0D801CB321623E2A00CE0A7A /* Products */ = {
			isa = PBXGroup;
			children = (
				0D801CB221623E2A00CE0A7A /* WeatherApp.app */,
				0D801CC621623E2B00CE0A7A /* WeatherAppTests.xctest */,
				0D801CD121623E2B00CE0A7A /* WeatherAppUITests.xctest */,
			);
			name = Products;
			sourceTree = "<group>";
		};
		0D801CB421623E2A00CE0A7A /* WeatherApp */ = {
			isa = PBXGroup;
			children = (
				0DA42BD421666D5500BDBF50 /* steve.jpeg */,
				0DA42BD12166560A00BDBF50 /* Structures */,
				0D801CB521623E2A00CE0A7A /* AppDelegate.swift */,
				0D801CB721623E2A00CE0A7A /* ViewController.swift */,
				0D801CB921623E2A00CE0A7A /* Main.storyboard */,
				0D801CBC21623E2B00CE0A7A /* Assets.xcassets */,
				0D801CBE21623E2B00CE0A7A /* LaunchScreen.storyboard */,
				0D801CC121623E2B00CE0A7A /* Info.plist */,
				0D801CE3216245EA00CE0A7A /* CityController.swift */,
				0D801CE72162554800CE0A7A /* DaysController.swift */,
				0D801CE92162558500CE0A7A /* CurrentController.swift */,
				0D801CEB216259BA00CE0A7A /* WeatherModel.swift */,
				0DA42BD2216664A700BDBF50 /* Utils.swift */,
			);
			path = WeatherApp;
			sourceTree = "<group>";
		};
		0D801CC921623E2B00CE0A7A /* WeatherAppTests */ = {
			isa = PBXGroup;
			children = (
				0D801CCA21623E2B00CE0A7A /* WeatherAppTests.swift */,
				0D801CCC21623E2B00CE0A7A /* Info.plist */,
			);
			path = WeatherAppTests;
			sourceTree = "<group>";
		};
		0D801CD421623E2B00CE0A7A /* WeatherAppUITests */ = {
			isa = PBXGroup;
			children = (
				0D801CD521623E2B00CE0A7A /* WeatherAppUITests.swift */,
				0D801CD721623E2B00CE0A7A /* Info.plist */,
			);
			path = WeatherAppUITests;
			sourceTree = "<group>";
		};
		0DA42BD12166560A00BDBF50 /* Structures */ = {
			isa = PBXGroup;
			children = (
				0DA42BC5216652BA00BDBF50 /* CurrentWeather.swift */,
				0DA42BC72166530500BDBF50 /* Coordinate.swift */,
				0DA42BC92166546D00BDBF50 /* Main.swift */,
				0DA42BCD2166559A00BDBF50 /* Cloud.swift */,
				0DA42BCF216655C800BDBF50 /* Sys.swift */,
				0D801CED21625A8600CE0A7A /* Weather.swift */,
				0DA42BCB2166555A00BDBF50 /* Wind.swift */,
			);
			path = Structures;
			sourceTree = "<group>";
		};
/* End PBXGroup section */

/* Begin PBXNativeTarget section */
		0D801CB121623E2A00CE0A7A /* WeatherApp */ = {
			isa = PBXNativeTarget;
			buildConfigurationList = 0D801CDA21623E2B00CE0A7A /* Build configuration list for PBXNativeTarget "WeatherApp" */;
			buildPhases = (
				0D801CAE21623E2A00CE0A7A /* Sources */,
				0D801CAF21623E2A00CE0A7A /* Frameworks */,
				0D801CB021623E2A00CE0A7A /* Resources */,
			);
			buildRules = (
			);
			dependencies = (
			);
			name = WeatherApp;
			productName = WeatherApp;
			productReference = 0D801CB221623E2A00CE0A7A /* WeatherApp.app */;
			productType = "com.apple.product-type.application";
		};
		0D801CC521623E2B00CE0A7A /* WeatherAppTests */ = {
			isa = PBXNativeTarget;
			buildConfigurationList = 0D801CDD21623E2B00CE0A7A /* Build configuration list for PBXNativeTarget "WeatherAppTests" */;
			buildPhases = (
				0D801CC221623E2B00CE0A7A /* Sources */,
				0D801CC321623E2B00CE0A7A /* Frameworks */,
				0D801CC421623E2B00CE0A7A /* Resources */,
			);
			buildRules = (
			);
			dependencies = (
				0D801CC821623E2B00CE0A7A /* PBXTargetDependency */,
			);
			name = WeatherAppTests;
			productName = WeatherAppTests;
			productReference = 0D801CC621623E2B00CE0A7A /* WeatherAppTests.xctest */;
			productType = "com.apple.product-type.bundle.unit-test";
		};
		0D801CD021623E2B00CE0A7A /* WeatherAppUITests */ = {
			isa = PBXNativeTarget;
			buildConfigurationList = 0D801CE021623E2B00CE0A7A /* Build configuration list for PBXNativeTarget "WeatherAppUITests" */;
			buildPhases = (
				0D801CCD21623E2B00CE0A7A /* Sources */,
				0D801CCE21623E2B00CE0A7A /* Frameworks */,
				0D801CCF21623E2B00CE0A7A /* Resources */,
			);
			buildRules = (
			);
			dependencies = (
				0D801CD321623E2B00CE0A7A /* PBXTargetDependency */,
			);
			name = WeatherAppUITests;
			productName = WeatherAppUITests;
			productReference = 0D801CD121623E2B00CE0A7A /* WeatherAppUITests.xctest */;
			productType = "com.apple.product-type.bundle.ui-testing";
		};
/* End PBXNativeTarget section */

/* Begin PBXProject section */
		0D801CAA21623E2A00CE0A7A /* Project object */ = {
			isa = PBXProject;
			attributes = {
				LastSwiftUpdateCheck = 0940;
				LastUpgradeCheck = 0940;
				ORGANIZATIONNAME = "Joni Ryynänen";
				TargetAttributes = {
					0D801CB121623E2A00CE0A7A = {
						CreatedOnToolsVersion = 9.4.1;
					};
					0D801CC521623E2B00CE0A7A = {
						CreatedOnToolsVersion = 9.4.1;
						TestTargetID = 0D801CB121623E2A00CE0A7A;
					};
					0D801CD021623E2B00CE0A7A = {
						CreatedOnToolsVersion = 9.4.1;
						TestTargetID = 0D801CB121623E2A00CE0A7A;
					};
				};
			};
			buildConfigurationList = 0D801CAD21623E2A00CE0A7A /* Build configuration list for PBXProject "WeatherApp" */;
			compatibilityVersion = "Xcode 9.3";
			developmentRegion = en;
			hasScannedForEncodings = 0;
			knownRegions = (
				en,
				Base,
			);
			mainGroup = 0D801CA921623E2A00CE0A7A;
			productRefGroup = 0D801CB321623E2A00CE0A7A /* Products */;
			projectDirPath = "";
			projectRoot = "";
			targets = (
				0D801CB121623E2A00CE0A7A /* WeatherApp */,
				0D801CC521623E2B00CE0A7A /* WeatherAppTests */,
				0D801CD021623E2B00CE0A7A /* WeatherAppUITests */,
			);
		};
/* End PBXProject section */

/* Begin PBXResourcesBuildPhase section */
		0D801CB021623E2A00CE0A7A /* Resources */ = {
			isa = PBXResourcesBuildPhase;
			buildActionMask = 2147483647;
			files = (
				0D801CC021623E2B00CE0A7A /* LaunchScreen.storyboard in Resources */,
				0DA42BD521666D5500BDBF50 /* steve.jpeg in Resources */,
				0D801CBD21623E2B00CE0A7A /* Assets.xcassets in Resources */,
				0D801CBB21623E2A00CE0A7A /* Main.storyboard in Resources */,
			);
			runOnlyForDeploymentPostprocessing = 0;
		};
		0D801CC421623E2B00CE0A7A /* Resources */ = {
			isa = PBXResourcesBuildPhase;
			buildActionMask = 2147483647;
			files = (
			);
			runOnlyForDeploymentPostprocessing = 0;
		};
		0D801CCF21623E2B00CE0A7A /* Resources */ = {
			isa = PBXResourcesBuildPhase;
			buildActionMask = 2147483647;
			files = (
			);
			runOnlyForDeploymentPostprocessing = 0;
		};
/* End PBXResourcesBuildPhase section */

/* Begin PBXSourcesBuildPhase section */
		0D801CAE21623E2A00CE0A7A /* Sources */ = {
			isa = PBXSourcesBuildPhase;
			buildActionMask = 2147483647;
			files = (
				0DA42BCA2166546D00BDBF50 /* Main.swift in Sources */,
				0DA42BCE2166559A00BDBF50 /* Cloud.swift in Sources */,
				0D801CE82162554800CE0A7A /* DaysController.swift in Sources */,
				0DA42BD3216664A700BDBF50 /* Utils.swift in Sources */,
				0D801CE4216245EA00CE0A7A /* CityController.swift in Sources */,
				0DA42BC6216652BA00BDBF50 /* CurrentWeather.swift in Sources */,
				0DA42BCC2166555A00BDBF50 /* Wind.swift in Sources */,
				0DA42BD0216655C800BDBF50 /* Sys.swift in Sources */,
				0D801CB821623E2A00CE0A7A /* ViewController.swift in Sources */,
				0D801CEA2162558500CE0A7A /* CurrentController.swift in Sources */,
				0DA42BC82166530500BDBF50 /* Coordinate.swift in Sources */,
				0D801CEC216259BA00CE0A7A /* WeatherModel.swift in Sources */,
				0D801CB621623E2A00CE0A7A /* AppDelegate.swift in Sources */,
				0D801CEE21625A8600CE0A7A /* Weather.swift in Sources */,
			);
			runOnlyForDeploymentPostprocessing = 0;
		};
		0D801CC221623E2B00CE0A7A /* Sources */ = {
			isa = PBXSourcesBuildPhase;
			buildActionMask = 2147483647;
			files = (
				0D801CCB21623E2B00CE0A7A /* WeatherAppTests.swift in Sources */,
			);
			runOnlyForDeploymentPostprocessing = 0;
		};
		0D801CCD21623E2B00CE0A7A /* Sources */ = {
			isa = PBXSourcesBuildPhase;
			buildActionMask = 2147483647;
			files = (
				0D801CD621623E2B00CE0A7A /* WeatherAppUITests.swift in Sources */,
			);
			runOnlyForDeploymentPostprocessing = 0;
		};
/* End PBXSourcesBuildPhase section */

/* Begin PBXTargetDependency section */
		0D801CC821623E2B00CE0A7A /* PBXTargetDependency */ = {
			isa = PBXTargetDependency;
			target = 0D801CB121623E2A00CE0A7A /* WeatherApp */;
			targetProxy = 0D801CC721623E2B00CE0A7A /* PBXContainerItemProxy */;
		};
		0D801CD321623E2B00CE0A7A /* PBXTargetDependency */ = {
			isa = PBXTargetDependency;
			target = 0D801CB121623E2A00CE0A7A /* WeatherApp */;
			targetProxy = 0D801CD221623E2B00CE0A7A /* PBXContainerItemProxy */;
		};
/* End PBXTargetDependency section */

/* Begin PBXVariantGroup section */
		0D801CB921623E2A00CE0A7A /* Main.storyboard */ = {
			isa = PBXVariantGroup;
			children = (
				0D801CBA21623E2A00CE0A7A /* Base */,
			);
			name = Main.storyboard;
			sourceTree = "<group>";
		};
		0D801CBE21623E2B00CE0A7A /* LaunchScreen.storyboard */ = {
			isa = PBXVariantGroup;
			children = (
				0D801CBF21623E2B00CE0A7A /* Base */,
			);
			name = LaunchScreen.storyboard;
			sourceTree = "<group>";
		};
/* End PBXVariantGroup section */

/* Begin XCBuildConfiguration section */
		0D801CD821623E2B00CE0A7A /* Debug */ = {
			isa = XCBuildConfiguration;
			buildSettings = {
				ALWAYS_SEARCH_USER_PATHS = NO;
				CLANG_ANALYZER_NONNULL = YES;
				CLANG_ANALYZER_NUMBER_OBJECT_CONVERSION = YES_AGGRESSIVE;
				CLANG_CXX_LANGUAGE_STANDARD = "gnu++14";
				CLANG_CXX_LIBRARY = "libc++";
				CLANG_ENABLE_MODULES = YES;
				CLANG_ENABLE_OBJC_ARC = YES;
				CLANG_ENABLE_OBJC_WEAK = YES;
				CLANG_WARN_BLOCK_CAPTURE_AUTORELEASING = YES;
				CLANG_WARN_BOOL_CONVERSION = YES;
				CLANG_WARN_COMMA = YES;
				CLANG_WARN_CONSTANT_CONVERSION = YES;
				CLANG_WARN_DEPRECATED_OBJC_IMPLEMENTATIONS = YES;
				CLANG_WARN_DIRECT_OBJC_ISA_USAGE = YES_ERROR;
				CLANG_WARN_DOCUMENTATION_COMMENTS = YES;
				CLANG_WARN_EMPTY_BODY = YES;
				CLANG_WARN_ENUM_CONVERSION = YES;
				CLANG_WARN_INFINITE_RECURSION = YES;
				CLANG_WARN_INT_CONVERSION = YES;
				CLANG_WARN_NON_LITERAL_NULL_CONVERSION = YES;
				CLANG_WARN_OBJC_IMPLICIT_RETAIN_SELF = YES;
				CLANG_WARN_OBJC_LITERAL_CONVERSION = YES;
				CLANG_WARN_OBJC_ROOT_CLASS = YES_ERROR;
				CLANG_WARN_RANGE_LOOP_ANALYSIS = YES;
				CLANG_WARN_STRICT_PROTOTYPES = YES;
				CLANG_WARN_SUSPICIOUS_MOVE = YES;
				CLANG_WARN_UNGUARDED_AVAILABILITY = YES_AGGRESSIVE;
				CLANG_WARN_UNREACHABLE_CODE = YES;
				CLANG_WARN__DUPLICATE_METHOD_MATCH = YES;
				CODE_SIGN_IDENTITY = "iPhone Developer";
				COPY_PHASE_STRIP = NO;
				DEBUG_INFORMATION_FORMAT = dwarf;
				ENABLE_STRICT_OBJC_MSGSEND = YES;
				ENABLE_TESTABILITY = YES;
				GCC_C_LANGUAGE_STANDARD = gnu11;
				GCC_DYNAMIC_NO_PIC = NO;
				GCC_NO_COMMON_BLOCKS = YES;
				GCC_OPTIMIZATION_LEVEL = 0;
				GCC_PREPROCESSOR_DEFINITIONS = (
					"DEBUG=1",
					"$(inherited)",
				);
				GCC_WARN_64_TO_32_BIT_CONVERSION = YES;
				GCC_WARN_ABOUT_RETURN_TYPE = YES_ERROR;
				GCC_WARN_UNDECLARED_SELECTOR = YES;
				GCC_WARN_UNINITIALIZED_AUTOS = YES_AGGRESSIVE;
				GCC_WARN_UNUSED_FUNCTION = YES;
				GCC_WARN_UNUSED_VARIABLE = YES;
				IPHONEOS_DEPLOYMENT_TARGET = 11.4;
				MTL_ENABLE_DEBUG_INFO = YES;
				ONLY_ACTIVE_ARCH = YES;
				SDKROOT = iphoneos;
				SWIFT_ACTIVE_COMPILATION_CONDITIONS = DEBUG;
				SWIFT_OPTIMIZATION_LEVEL = "-Onone";
			};
			name = Debug;
		};
		0D801CD921623E2B00CE0A7A /* Release */ = {
			isa = XCBuildConfiguration;
			buildSettings = {
				ALWAYS_SEARCH_USER_PATHS = NO;
				CLANG_ANALYZER_NONNULL = YES;
				CLANG_ANALYZER_NUMBER_OBJECT_CONVERSION = YES_AGGRESSIVE;
				CLANG_CXX_LANGUAGE_STANDARD = "gnu++14";
				CLANG_CXX_LIBRARY = "libc++";
				CLANG_ENABLE_MODULES = YES;
				CLANG_ENABLE_OBJC_ARC = YES;
				CLANG_ENABLE_OBJC_WEAK = YES;
				CLANG_WARN_BLOCK_CAPTURE_AUTORELEASING = YES;
				CLANG_WARN_BOOL_CONVERSION = YES;
				CLANG_WARN_COMMA = YES;
				CLANG_WARN_CONSTANT_CONVERSION = YES;
				CLANG_WARN_DEPRECATED_OBJC_IMPLEMENTATIONS = YES;
				CLANG_WARN_DIRECT_OBJC_ISA_USAGE = YES_ERROR;
				CLANG_WARN_DOCUMENTATION_COMMENTS = YES;
				CLANG_WARN_EMPTY_BODY = YES;
				CLANG_WARN_ENUM_CONVERSION = YES;
				CLANG_WARN_INFINITE_RECURSION = YES;
				CLANG_WARN_INT_CONVERSION = YES;
				CLANG_WARN_NON_LITERAL_NULL_CONVERSION = YES;
				CLANG_WARN_OBJC_IMPLICIT_RETAIN_SELF = YES;
				CLANG_WARN_OBJC_LITERAL_CONVERSION = YES;
				CLANG_WARN_OBJC_ROOT_CLASS = YES_ERROR;
				CLANG_WARN_RANGE_LOOP_ANALYSIS = YES;
				CLANG_WARN_STRICT_PROTOTYPES = YES;
				CLANG_WARN_SUSPICIOUS_MOVE = YES;
				CLANG_WARN_UNGUARDED_AVAILABILITY = YES_AGGRESSIVE;
				CLANG_WARN_UNREACHABLE_CODE = YES;
				CLANG_WARN__DUPLICATE_METHOD_MATCH = YES;
				CODE_SIGN_IDENTITY = "iPhone Developer";
				COPY_PHASE_STRIP = NO;
				DEBUG_INFORMATION_FORMAT = "dwarf-with-dsym";
				ENABLE_NS_ASSERTIONS = NO;
				ENABLE_STRICT_OBJC_MSGSEND = YES;
				GCC_C_LANGUAGE_STANDARD = gnu11;
				GCC_NO_COMMON_BLOCKS = YES;
				GCC_WARN_64_TO_32_BIT_CONVERSION = YES;
				GCC_WARN_ABOUT_RETURN_TYPE = YES_ERROR;
				GCC_WARN_UNDECLARED_SELECTOR = YES;
				GCC_WARN_UNINITIALIZED_AUTOS = YES_AGGRESSIVE;
				GCC_WARN_UNUSED_FUNCTION = YES;
				GCC_WARN_UNUSED_VARIABLE = YES;
				IPHONEOS_DEPLOYMENT_TARGET = 11.4;
				MTL_ENABLE_DEBUG_INFO = NO;
				SDKROOT = iphoneos;
				SWIFT_COMPILATION_MODE = wholemodule;
				SWIFT_OPTIMIZATION_LEVEL = "-O";
				VALIDATE_PRODUCT = YES;
			};
			name = Release;
		};
		0D801CDB21623E2B00CE0A7A /* Debug */ = {
			isa = XCBuildConfiguration;
			buildSettings = {
				ASSETCATALOG_COMPILER_APPICON_NAME = AppIcon;
				CODE_SIGN_STYLE = Automatic;
				INFOPLIST_FILE = WeatherApp/Info.plist;
				LD_RUNPATH_SEARCH_PATHS = (
					"$(inherited)",
					"@executable_path/Frameworks",
				);
				PRODUCT_BUNDLE_IDENTIFIER = fi.16tikoot.tamk.WeatherApp;
				PRODUCT_NAME = "$(TARGET_NAME)";
				SWIFT_VERSION = 4.0;
				TARGETED_DEVICE_FAMILY = "1,2";
			};
			name = Debug;
		};
		0D801CDC21623E2B00CE0A7A /* Release */ = {
			isa = XCBuildConfiguration;
			buildSettings = {
				ASSETCATALOG_COMPILER_APPICON_NAME = AppIcon;
				CODE_SIGN_STYLE = Automatic;
				INFOPLIST_FILE = WeatherApp/Info.plist;
				LD_RUNPATH_SEARCH_PATHS = (
					"$(inherited)",
					"@executable_path/Frameworks",
				);
				PRODUCT_BUNDLE_IDENTIFIER = fi.16tikoot.tamk.WeatherApp;
				PRODUCT_NAME = "$(TARGET_NAME)";
				SWIFT_VERSION = 4.0;
				TARGETED_DEVICE_FAMILY = "1,2";
			};
			name = Release;
		};
		0D801CDE21623E2B00CE0A7A /* Debug */ = {
			isa = XCBuildConfiguration;
			buildSettings = {
				ALWAYS_EMBED_SWIFT_STANDARD_LIBRARIES = YES;
				BUNDLE_LOADER = "$(TEST_HOST)";
				CODE_SIGN_STYLE = Automatic;
				INFOPLIST_FILE = WeatherAppTests/Info.plist;
				LD_RUNPATH_SEARCH_PATHS = (
					"$(inherited)",
					"@executable_path/Frameworks",
					"@loader_path/Frameworks",
				);
				PRODUCT_BUNDLE_IDENTIFIER = fi.16tikoot.tamk.WeatherAppTests;
				PRODUCT_NAME = "$(TARGET_NAME)";
				SWIFT_VERSION = 4.0;
				TARGETED_DEVICE_FAMILY = "1,2";
				TEST_HOST = "$(BUILT_PRODUCTS_DIR)/WeatherApp.app/WeatherApp";
			};
			name = Debug;
		};
		0D801CDF21623E2B00CE0A7A /* Release */ = {
			isa = XCBuildConfiguration;
			buildSettings = {
				ALWAYS_EMBED_SWIFT_STANDARD_LIBRARIES = YES;
				BUNDLE_LOADER = "$(TEST_HOST)";
				CODE_SIGN_STYLE = Automatic;
				INFOPLIST_FILE = WeatherAppTests/Info.plist;
				LD_RUNPATH_SEARCH_PATHS = (
					"$(inherited)",
					"@executable_path/Frameworks",
					"@loader_path/Frameworks",
				);
				PRODUCT_BUNDLE_IDENTIFIER = fi.16tikoot.tamk.WeatherAppTests;
				PRODUCT_NAME = "$(TARGET_NAME)";
				SWIFT_VERSION = 4.0;
				TARGETED_DEVICE_FAMILY = "1,2";
				TEST_HOST = "$(BUILT_PRODUCTS_DIR)/WeatherApp.app/WeatherApp";
			};
			name = Release;
		};
		0D801CE121623E2B00CE0A7A /* Debug */ = {
			isa = XCBuildConfiguration;
			buildSettings = {
				ALWAYS_EMBED_SWIFT_STANDARD_LIBRARIES = YES;
				CODE_SIGN_STYLE = Automatic;
				INFOPLIST_FILE = WeatherAppUITests/Info.plist;
				LD_RUNPATH_SEARCH_PATHS = (
					"$(inherited)",
					"@executable_path/Frameworks",
					"@loader_path/Frameworks",
				);
				PRODUCT_BUNDLE_IDENTIFIER = fi.16tikoot.tamk.WeatherAppUITests;
				PRODUCT_NAME = "$(TARGET_NAME)";
				SWIFT_VERSION = 4.0;
				TARGETED_DEVICE_FAMILY = "1,2";
				TEST_TARGET_NAME = WeatherApp;
			};
			name = Debug;
		};
		0D801CE221623E2B00CE0A7A /* Release */ = {
			isa = XCBuildConfiguration;
			buildSettings = {
				ALWAYS_EMBED_SWIFT_STANDARD_LIBRARIES = YES;
				CODE_SIGN_STYLE = Automatic;
				INFOPLIST_FILE = WeatherAppUITests/Info.plist;
				LD_RUNPATH_SEARCH_PATHS = (
					"$(inherited)",
					"@executable_path/Frameworks",
					"@loader_path/Frameworks",
				);
				PRODUCT_BUNDLE_IDENTIFIER = fi.16tikoot.tamk.WeatherAppUITests;
				PRODUCT_NAME = "$(TARGET_NAME)";
				SWIFT_VERSION = 4.0;
				TARGETED_DEVICE_FAMILY = "1,2";
				TEST_TARGET_NAME = WeatherApp;
			};
			name = Release;
		};
/* End XCBuildConfiguration section */

/* Begin XCConfigurationList section */
		0D801CAD21623E2A00CE0A7A /* Build configuration list for PBXProject "WeatherApp" */ = {
			isa = XCConfigurationList;
			buildConfigurations = (
				0D801CD821623E2B00CE0A7A /* Debug */,
				0D801CD921623E2B00CE0A7A /* Release */,
			);
			defaultConfigurationIsVisible = 0;
			defaultConfigurationName = Release;
		};
		0D801CDA21623E2B00CE0A7A /* Build configuration list for PBXNativeTarget "WeatherApp" */ = {
			isa = XCConfigurationList;
			buildConfigurations = (
				0D801CDB21623E2B00CE0A7A /* Debug */,
				0D801CDC21623E2B00CE0A7A /* Release */,
			);
			defaultConfigurationIsVisible = 0;
			defaultConfigurationName = Release;
		};
		0D801CDD21623E2B00CE0A7A /* Build configuration list for PBXNativeTarget "WeatherAppTests" */ = {
			isa = XCConfigurationList;
			buildConfigurations = (
				0D801CDE21623E2B00CE0A7A /* Debug */,
				0D801CDF21623E2B00CE0A7A /* Release */,
			);
			defaultConfigurationIsVisible = 0;
			defaultConfigurationName = Release;
		};
		0D801CE021623E2B00CE0A7A /* Build configuration list for PBXNativeTarget "WeatherAppUITests" */ = {
			isa = XCConfigurationList;
			buildConfigurations = (
				0D801CE121623E2B00CE0A7A /* Debug */,
				0D801CE221623E2B00CE0A7A /* Release */,
			);
			defaultConfigurationIsVisible = 0;
			defaultConfigurationName = Release;
		};
/* End XCConfigurationList section */
	};
	rootObject = 0D801CAA21623E2A00CE0A7A /* Project object */;
}
